{
  "requires": true,
  "lockfileVersion": 1,
  "dependencies": {
    "redux-devtools-extension": {
      "version": "2.13.6",
      "resolved": "https://registry.npmjs.org/redux-devtools-extension/-/redux-devtools-extension-2.13.6.tgz",
      "integrity": "sha512-0Ptt0Jr6vMjPGzybQz6d0cQFDsJpPte+LVpnyo6RcvarO9HNGkcPq0kzi/c9nBNWrtapNoe1gXRF/qcX8znsvw==",
      "dev": true
    }
  }
}
